
Microsoft Visual Studio Solution File, Format Version 12.00
Project("{FAE04EC0-301F-11D3-BF4B-00C04F79EFBC}") = "VerifyIssue.Tests", "VerifyIssue.Tests\VerifyIssue.Tests.csproj", "{15CFA882-3DB9-4D25-93D6-8593223ACB5A}"
EndProject
Global
	GlobalSection(SolutionConfigurationPlatforms) = preSolution
		Debug|Any CPU = Debug|Any CPU
		Release|Any CPU = Release|Any CPU
	EndGlobalSection
	GlobalSection(ProjectConfigurationPlatforms) = postSolution
		{15CFA882-3DB9-4D25-93D6-8593223ACB5A}.Debug|Any CPU.ActiveCfg = Debug|Any CPU
		{15CFA882-3DB9-4D25-93D6-8593223ACB5A}.Debug|Any CPU.Build.0 = Debug|Any CPU
		{15CFA882-3DB9-4D25-93D6-8593223ACB5A}.Release|Any CPU.ActiveCfg = Release|Any CPU
		{15CFA882-3DB9-4D25-93D6-8593223ACB5A}.Release|Any CPU.Build.0 = Release|Any CPU
	EndGlobalSection
EndGlobal
